
Microsoft Visual Studio Solution File, Format Version 12.00
# Visual Studio Version 17
VisualStudioVersion = 17.2.32616.157
MinimumVisualStudioVersion = 10.0.40219.1
Project("{888888A0-9F3D-457C-B088-3A5042F75D52}") = "genasys_stats_getter", "genasys_stats_getter\genasys_stats_getter.pyproj", "{E04E0A15-A2D1-43D3-A1ED-9891F10E9CD5}"
EndProject
Global
	GlobalSection(SolutionConfigurationPlatforms) = preSolution
		Debug|Any CPU = Debug|Any CPU
		Release|Any CPU = Release|Any CPU
	EndGlobalSection
	GlobalSection(ProjectConfigurationPlatforms) = postSolution
		{E04E0A15-A2D1-43D3-A1ED-9891F10E9CD5}.Debug|Any CPU.ActiveCfg = Debug|Any CPU
		{E04E0A15-A2D1-43D3-A1ED-9891F10E9CD5}.Release|Any CPU.ActiveCfg = Release|Any CPU
	EndGlobalSection
	GlobalSection(SolutionProperties) = preSolution
		HideSolutionNode = FALSE
	EndGlobalSection
	GlobalSection(ExtensibilityGlobals) = postSolution
		SolutionGuid = {D74B809C-7225-442B-BE88-655A52611889}
	EndGlobalSection
EndGlobal
